
Microsoft Visual Studio Solution File, Format Version 12.00
# Visual Studio 15
Project("{FAE04EC0-301F-11D3-BF4B-00C04F79EFBC}") = "Assembly-CSharp", "Assembly-CSharp.csproj", "{920FC074-BEE8-FF3B-CDB8-FA08E092719C}"
EndProject
Project("{FAE04EC0-301F-11D3-BF4B-00C04F79EFBC}") = "Assembly-CSharp-firstpass", "Assembly-CSharp-firstpass.csproj", "{21AC0328-4FF7-8589-693C-5D984E2B3CC4}"
EndProject
Project("{FAE04EC0-301F-11D3-BF4B-00C04F79EFBC}") = "Assembly-CSharp-Editor-firstpass", "Assembly-CSharp-Editor-firstpass.csproj", "{38140993-CACD-569D-ED3D-D76CCB7F6D5B}"
EndProject
Global
	GlobalSection(SolutionConfigurationPlatforms) = preSolution
		Debug|Any CPU = Debug|Any CPU
		Release|Any CPU = Release|Any CPU
	EndGlobalSection
	GlobalSection(ProjectConfigurationPlatforms) = postSolution
		{920FC074-BEE8-FF3B-CDB8-FA08E092719C}.Debug|Any CPU.ActiveCfg = Debug|Any CPU
		{920FC074-BEE8-FF3B-CDB8-FA08E092719C}.Debug|Any CPU.Build.0 = Debug|Any CPU
		{920FC074-BEE8-FF3B-CDB8-FA08E092719C}.Release|Any CPU.ActiveCfg = Release|Any CPU
		{920FC074-BEE8-FF3B-CDB8-FA08E092719C}.Release|Any CPU.Build.0 = Release|Any CPU
		{21AC0328-4FF7-8589-693C-5D984E2B3CC4}.Debug|Any CPU.ActiveCfg = Debug|Any CPU
		{21AC0328-4FF7-8589-693C-5D984E2B3CC4}.Debug|Any CPU.Build.0 = Debug|Any CPU
		{21AC0328-4FF7-8589-693C-5D984E2B3CC4}.Release|Any CPU.ActiveCfg = Release|Any CPU
		{21AC0328-4FF7-8589-693C-5D984E2B3CC4}.Release|Any CPU.Build.0 = Release|Any CPU
		{38140993-CACD-569D-ED3D-D76CCB7F6D5B}.Debug|Any CPU.ActiveCfg = Debug|Any CPU
		{38140993-CACD-569D-ED3D-D76CCB7F6D5B}.Debug|Any CPU.Build.0 = Debug|Any CPU
		{38140993-CACD-569D-ED3D-D76CCB7F6D5B}.Release|Any CPU.ActiveCfg = Release|Any CPU
		{38140993-CACD-569D-ED3D-D76CCB7F6D5B}.Release|Any CPU.Build.0 = Release|Any CPU
	EndGlobalSection
	GlobalSection(SolutionProperties) = preSolution
		HideSolutionNode = FALSE
	EndGlobalSection
EndGlobal
